<Solution>
    <Project Path="src/App/App.csproj"/>
    <Project Path="src/CLI/CLI.csproj"/>
    <Project Path="src/Core/Core.csproj"/>
    <Project Path="src/Services/Azure/Azure.csproj"/>
    <Project Path="src/Services/Google/Google.csproj"/>
    <Project Path="src/Services/LastFm/LastFm.csproj"/>
</Solution>
